
Microsoft Visual Studio Solution File, Format Version 12.00
# Visual Studio Version 16
VisualStudioVersion = 16.0.30804.86
MinimumVisualStudioVersion = 10.0.40219.1
Project("{8BC9CEB8-8B4A-11D0-8D11-00A0C91BC942}") = "201_351_NikolaevVladislav", "201_351_NikolaevVladislav\201_351_NikolaevVladislav.vcxproj", "{C3A1F9DE-B543-4DE8-AD28-E929C2D7994D}"
EndProject
Global
	GlobalSection(SolutionConfigurationPlatforms) = preSolution
		Debug|x64 = Debug|x64
		Debug|x86 = Debug|x86
		Release|x64 = Release|x64
		Release|x86 = Release|x86
	EndGlobalSection
	GlobalSection(ProjectConfigurationPlatforms) = postSolution
		{C3A1F9DE-B543-4DE8-AD28-E929C2D7994D}.Debug|x64.ActiveCfg = Debug|x64
		{C3A1F9DE-B543-4DE8-AD28-E929C2D7994D}.Debug|x64.Build.0 = Debug|x64
		{C3A1F9DE-B543-4DE8-AD28-E929C2D7994D}.Debug|x86.ActiveCfg = Debug|Win32
		{C3A1F9DE-B543-4DE8-AD28-E929C2D7994D}.Debug|x86.Build.0 = Debug|Win32
		{C3A1F9DE-B543-4DE8-AD28-E929C2D7994D}.Release|x64.ActiveCfg = Release|x64
		{C3A1F9DE-B543-4DE8-AD28-E929C2D7994D}.Release|x64.Build.0 = Release|x64
		{C3A1F9DE-B543-4DE8-AD28-E929C2D7994D}.Release|x86.ActiveCfg = Release|Win32
		{C3A1F9DE-B543-4DE8-AD28-E929C2D7994D}.Release|x86.Build.0 = Release|Win32
	EndGlobalSection
	GlobalSection(SolutionProperties) = preSolution
		HideSolutionNode = FALSE
	EndGlobalSection
	GlobalSection(ExtensibilityGlobals) = postSolution
		SolutionGuid = {DB672A23-3149-4300-8A6F-A353BE9988F6}
	EndGlobalSection
EndGlobal
