
Microsoft Visual Studio Solution File, Format Version 12.00
# Visual Studio Version 16
VisualStudioVersion = 16.0.30523.141
MinimumVisualStudioVersion = 10.0.40219.1
Project("{8BC9CEB8-8B4A-11D0-8D11-00A0C91BC942}") = "201_352_Grebennikov_M", "201_352_Grebennikov_M\201_352_Grebennikov_M.vcxproj", "{7FDF3268-798E-44C3-8F91-95B3485343E8}"
EndProject
Global
	GlobalSection(SolutionConfigurationPlatforms) = preSolution
		Debug|x64 = Debug|x64
		Debug|x86 = Debug|x86
		Release|x64 = Release|x64
		Release|x86 = Release|x86
	EndGlobalSection
	GlobalSection(ProjectConfigurationPlatforms) = postSolution
		{7FDF3268-798E-44C3-8F91-95B3485343E8}.Debug|x64.ActiveCfg = Debug|x64
		{7FDF3268-798E-44C3-8F91-95B3485343E8}.Debug|x64.Build.0 = Debug|x64
		{7FDF3268-798E-44C3-8F91-95B3485343E8}.Debug|x86.ActiveCfg = Debug|Win32
		{7FDF3268-798E-44C3-8F91-95B3485343E8}.Debug|x86.Build.0 = Debug|Win32
		{7FDF3268-798E-44C3-8F91-95B3485343E8}.Release|x64.ActiveCfg = Release|x64
		{7FDF3268-798E-44C3-8F91-95B3485343E8}.Release|x64.Build.0 = Release|x64
		{7FDF3268-798E-44C3-8F91-95B3485343E8}.Release|x86.ActiveCfg = Release|Win32
		{7FDF3268-798E-44C3-8F91-95B3485343E8}.Release|x86.Build.0 = Release|Win32
	EndGlobalSection
	GlobalSection(SolutionProperties) = preSolution
		HideSolutionNode = FALSE
	EndGlobalSection
	GlobalSection(ExtensibilityGlobals) = postSolution
		SolutionGuid = {7DED811B-9088-467F-8DA2-837EE00D9B64}
	EndGlobalSection
EndGlobal
